
Microsoft Visual Studio Solution File, Format Version 12.00
# Visual Studio Version 17
VisualStudioVersion = 17.14.36310.24
MinimumVisualStudioVersion = 10.0.40219.1
Project("{2150E333-8FDC-42A3-9474-1A3956D46DE8}") = "docs", "docs", "{02EA681E-C7D8-13C7-8484-4AC65E1B71E8}"
EndProject
Project("{2150E333-8FDC-42A3-9474-1A3956D46DE8}") = "src", "src", "{6D220EBA-CFA0-4E05-BAFF-4FBFB2BD982D}"
EndProject
Project("{FAE04EC0-301F-11D3-BF4B-00C04F79EFBC}") = "Unibox", "Unibox\Unibox.csproj", "{50E79237-6E21-493E-964E-181B424E3C8B}"
	ProjectSection(ProjectDependencies) = postProject
		{79786919-0F85-436B-8B8D-CFA67A1EB64D} = {79786919-0F85-436B-8B8D-CFA67A1EB64D}
		{A0E64FE3-AC5A-4E8D-8115-F93CA44E4AE8} = {A0E64FE3-AC5A-4E8D-8115-F93CA44E4AE8}
	EndProjectSection
EndProject
Project("{D954291E-2A0B-460D-934E-DC6B0785DB48}") = "Documentation", "Documentation\Documentation.shproj", "{2AF8537C-398A-4C1C-80C7-5D62913A16D4}"
EndProject
Project("{FAE04EC0-301F-11D3-BF4B-00C04F79EFBC}") = "Unibox.Admin", "Unibox.Admin\Unibox.Admin.csproj", "{D57D21FD-D47E-4EEF-95BA-70058ED69252}"
EndProject
Project("{2150E333-8FDC-42A3-9474-1A3956D46DE8}") = "Solution Items", "Solution Items", "{47307DCC-B18F-46D6-97C7-EA93A124337D}"
	ProjectSection(SolutionItems) = preProject
		.editorconfig = .editorconfig
	EndProjectSection
EndProject
Project("{FAE04EC0-301F-11D3-BF4B-00C04F79EFBC}") = "Unibox.Messaging", "Unibox.Messaging\Unibox.Messaging.csproj", "{79786919-0F85-436B-8B8D-CFA67A1EB64D}"
EndProject
Project("{FAE04EC0-301F-11D3-BF4B-00C04F79EFBC}") = "Unibox.Plugin", "Unibox.Plugin\Unibox.Plugin.csproj", "{A0E64FE3-AC5A-4E8D-8115-F93CA44E4AE8}"
	ProjectSection(ProjectDependencies) = postProject
		{79786919-0F85-436B-8B8D-CFA67A1EB64D} = {79786919-0F85-436B-8B8D-CFA67A1EB64D}
	EndProjectSection
EndProject
Global
	GlobalSection(SolutionConfigurationPlatforms) = preSolution
		Debug|Any CPU = Debug|Any CPU
		ReleaseBuild|Any CPU = ReleaseBuild|Any CPU
		ReleaseMajor|Any CPU = ReleaseMajor|Any CPU
		ReleaseMinor|Any CPU = ReleaseMinor|Any CPU
	EndGlobalSection
	GlobalSection(ProjectConfigurationPlatforms) = postSolution
		{50E79237-6E21-493E-964E-181B424E3C8B}.Debug|Any CPU.ActiveCfg = Debug|Any CPU
		{50E79237-6E21-493E-964E-181B424E3C8B}.Debug|Any CPU.Build.0 = Debug|Any CPU
		{50E79237-6E21-493E-964E-181B424E3C8B}.ReleaseBuild|Any CPU.ActiveCfg = ReleaseBuild|Any CPU
		{50E79237-6E21-493E-964E-181B424E3C8B}.ReleaseBuild|Any CPU.Build.0 = ReleaseBuild|Any CPU
		{50E79237-6E21-493E-964E-181B424E3C8B}.ReleaseMajor|Any CPU.ActiveCfg = ReleaseMajor|Any CPU
		{50E79237-6E21-493E-964E-181B424E3C8B}.ReleaseMajor|Any CPU.Build.0 = ReleaseMajor|Any CPU
		{50E79237-6E21-493E-964E-181B424E3C8B}.ReleaseMinor|Any CPU.ActiveCfg = ReleaseMinor|Any CPU
		{50E79237-6E21-493E-964E-181B424E3C8B}.ReleaseMinor|Any CPU.Build.0 = ReleaseMinor|Any CPU
		{D57D21FD-D47E-4EEF-95BA-70058ED69252}.Debug|Any CPU.ActiveCfg = Debug|Any CPU
		{D57D21FD-D47E-4EEF-95BA-70058ED69252}.Debug|Any CPU.Build.0 = Debug|Any CPU
		{D57D21FD-D47E-4EEF-95BA-70058ED69252}.ReleaseBuild|Any CPU.ActiveCfg = ReleaseBuild|Any CPU
		{D57D21FD-D47E-4EEF-95BA-70058ED69252}.ReleaseBuild|Any CPU.Build.0 = ReleaseBuild|Any CPU
		{D57D21FD-D47E-4EEF-95BA-70058ED69252}.ReleaseMajor|Any CPU.ActiveCfg = ReleaseMajor|Any CPU
		{D57D21FD-D47E-4EEF-95BA-70058ED69252}.ReleaseMajor|Any CPU.Build.0 = ReleaseMajor|Any CPU
		{D57D21FD-D47E-4EEF-95BA-70058ED69252}.ReleaseMinor|Any CPU.ActiveCfg = ReleaseMinor|Any CPU
		{D57D21FD-D47E-4EEF-95BA-70058ED69252}.ReleaseMinor|Any CPU.Build.0 = ReleaseMinor|Any CPU
		{79786919-0F85-436B-8B8D-CFA67A1EB64D}.Debug|Any CPU.ActiveCfg = Debug|Any CPU
		{79786919-0F85-436B-8B8D-CFA67A1EB64D}.Debug|Any CPU.Build.0 = Debug|Any CPU
		{79786919-0F85-436B-8B8D-CFA67A1EB64D}.ReleaseBuild|Any CPU.ActiveCfg = ReleaseBuild|Any CPU
		{79786919-0F85-436B-8B8D-CFA67A1EB64D}.ReleaseBuild|Any CPU.Build.0 = ReleaseBuild|Any CPU
		{79786919-0F85-436B-8B8D-CFA67A1EB64D}.ReleaseMajor|Any CPU.ActiveCfg = ReleaseMajor|Any CPU
		{79786919-0F85-436B-8B8D-CFA67A1EB64D}.ReleaseMajor|Any CPU.Build.0 = ReleaseMajor|Any CPU
		{79786919-0F85-436B-8B8D-CFA67A1EB64D}.ReleaseMinor|Any CPU.ActiveCfg = ReleaseMinor|Any CPU
		{79786919-0F85-436B-8B8D-CFA67A1EB64D}.ReleaseMinor|Any CPU.Build.0 = ReleaseMinor|Any CPU
		{A0E64FE3-AC5A-4E8D-8115-F93CA44E4AE8}.Debug|Any CPU.ActiveCfg = Debug|Any CPU
		{A0E64FE3-AC5A-4E8D-8115-F93CA44E4AE8}.Debug|Any CPU.Build.0 = Debug|Any CPU
		{A0E64FE3-AC5A-4E8D-8115-F93CA44E4AE8}.ReleaseBuild|Any CPU.ActiveCfg = ReleaseBuild|Any CPU
		{A0E64FE3-AC5A-4E8D-8115-F93CA44E4AE8}.ReleaseBuild|Any CPU.Build.0 = ReleaseBuild|Any CPU
		{A0E64FE3-AC5A-4E8D-8115-F93CA44E4AE8}.ReleaseMajor|Any CPU.ActiveCfg = ReleaseMajor|Any CPU
		{A0E64FE3-AC5A-4E8D-8115-F93CA44E4AE8}.ReleaseMajor|Any CPU.Build.0 = ReleaseMajor|Any CPU
		{A0E64FE3-AC5A-4E8D-8115-F93CA44E4AE8}.ReleaseMinor|Any CPU.ActiveCfg = ReleaseMinor|Any CPU
		{A0E64FE3-AC5A-4E8D-8115-F93CA44E4AE8}.ReleaseMinor|Any CPU.Build.0 = ReleaseMinor|Any CPU
	EndGlobalSection
	GlobalSection(SolutionProperties) = preSolution
		HideSolutionNode = FALSE
	EndGlobalSection
	GlobalSection(NestedProjects) = preSolution
		{50E79237-6E21-493E-964E-181B424E3C8B} = {6D220EBA-CFA0-4E05-BAFF-4FBFB2BD982D}
		{2AF8537C-398A-4C1C-80C7-5D62913A16D4} = {02EA681E-C7D8-13C7-8484-4AC65E1B71E8}
		{D57D21FD-D47E-4EEF-95BA-70058ED69252} = {6D220EBA-CFA0-4E05-BAFF-4FBFB2BD982D}
		{79786919-0F85-436B-8B8D-CFA67A1EB64D} = {6D220EBA-CFA0-4E05-BAFF-4FBFB2BD982D}
		{A0E64FE3-AC5A-4E8D-8115-F93CA44E4AE8} = {6D220EBA-CFA0-4E05-BAFF-4FBFB2BD982D}
	EndGlobalSection
	GlobalSection(ExtensibilityGlobals) = postSolution
		SolutionGuid = {465B5E64-8663-475E-956F-8662C4498FEA}
	EndGlobalSection
	GlobalSection(SharedMSBuildProjectFiles) = preSolution
		Documentation\Documentation.projitems*{2af8537c-398a-4c1c-80c7-5d62913a16d4}*SharedItemsImports = 13
	EndGlobalSection
EndGlobal
